
Microsoft Visual Studio Solution File, Format Version 12.00
# Visual Studio 15
VisualStudioVersion = 15.0.28307.168
MinimumVisualStudioVersion = 10.0.40219.1
Project("{FAE04EC0-301F-11D3-BF4B-00C04F79EFBC}") = "NineWebApp", "NineWebApp\NineWebApp.csproj", "{5188897F-2FD9-4E8A-86B4-082ECCF1CEC5}"
EndProject
Project("{FAE04EC0-301F-11D3-BF4B-00C04F79EFBC}") = "NineWebApp.Tests", "NineWebApp.Tests\NineWebApp.Tests.csproj", "{575123FE-91DC-41C9-8056-5202E4EF0272}"
EndProject
Global
	GlobalSection(SolutionConfigurationPlatforms) = preSolution
		Debug|Any CPU = Debug|Any CPU
		Release|Any CPU = Release|Any CPU
	EndGlobalSection
	GlobalSection(ProjectConfigurationPlatforms) = postSolution
		{5188897F-2FD9-4E8A-86B4-082ECCF1CEC5}.Debug|Any CPU.ActiveCfg = Debug|Any CPU
		{5188897F-2FD9-4E8A-86B4-082ECCF1CEC5}.Debug|Any CPU.Build.0 = Debug|Any CPU
		{5188897F-2FD9-4E8A-86B4-082ECCF1CEC5}.Release|Any CPU.ActiveCfg = Release|Any CPU
		{5188897F-2FD9-4E8A-86B4-082ECCF1CEC5}.Release|Any CPU.Build.0 = Release|Any CPU
		{575123FE-91DC-41C9-8056-5202E4EF0272}.Debug|Any CPU.ActiveCfg = Debug|Any CPU
		{575123FE-91DC-41C9-8056-5202E4EF0272}.Debug|Any CPU.Build.0 = Debug|Any CPU
		{575123FE-91DC-41C9-8056-5202E4EF0272}.Release|Any CPU.ActiveCfg = Release|Any CPU
		{575123FE-91DC-41C9-8056-5202E4EF0272}.Release|Any CPU.Build.0 = Release|Any CPU
	EndGlobalSection
	GlobalSection(SolutionProperties) = preSolution
		HideSolutionNode = FALSE
	EndGlobalSection
	GlobalSection(ExtensibilityGlobals) = postSolution
		SolutionGuid = {73C702E3-1AC5-4DDB-B334-3640DA6ABA8B}
	EndGlobalSection
EndGlobal
